version = 1
revision = 3
requires-python = "==3.11.*"

[[package]]
name = "greenlet"
version = "3.5.5"
source = { registry = "https://pypi.org/simple" }
sdist = { url = "https://files.pythonhosted.org/packages/0b/d8/7cc97c142388aef03f622e001c572c4f84e9252a439549d483f555771970/greenlet-3.5.5.tar.gz", hash = "sha256:adb4bae02e91a8e863e48b177e4014bdcac8a6b5e047ea1df687a61534b85e6c", size = 207585, upload-time = "2026-08-10T15:09:36.136Z" }
wheels = [
    { url = "https://files.pythonhosted.org/packages/4e/a3/07297917485ee2ca85bc3c8dc6ed85ad3fffcf424047fba62671dba68e97/greenlet-3.5.5-cp311-cp311-macosx_11_0_universal2.whl", hash = "sha256:be63afcbbccfad3dd95a1ba12ada84dab2ef32031973d80b5b92df67fa763a61", size = 294165, upload-time = "2026-08-10T13:25:17.987Z" },
    { url = "https://files.pythonhosted.org/packages/db/51/6f732f9314cda54c5fd48a7620c7160f4f286967e8045ad94b9d66ce80b7/greenlet-3.5.5-cp311-cp311-manylinux_2_24_aarch64.manylinux_2_28_aarch64.whl", hash = "sha256:8a268024ce2d7d2b04694bf1594058981a9fa663d1df4b762dee499211ed7c1c", size = 613610, upload-time = "2026-08-10T14:14:33.829Z" },
    { url = "https://files.pythonhosted.org/packages/d8/c0/b27589e25d220289edcd4d582b2b17b83058d1a56d53d971b6ea1a34f10d/greenlet-3.5.5-cp311-cp311-manylinux_2_24_ppc64le.manylinux_2_28_ppc64le.whl", hash = "sha256:35cbb8bf55ace57fbccb4fb8622c4521713acd8691e77f4696d416ea7ca527da", size = 625481, upload-time = "2026-08-10T14:27:23.647Z" },
    { url = "https://files.pythonhosted.org/packages/39/82/5c873dbb4fb001d22fbbd50e80d4c1b0181ddae106856132160f84b94e88/greenlet-3.5.5-cp311-cp311-manylinux_2_24_s390x.manylinux_2_28_s390x.whl", hash = "sha256:abc8bc8d9f935cd685457545b6a53863a877fdc12c2c0f5ee9beee18d9db139c", size = 633329, upload-time = "2026-08-10T14:30:06.062Z" },
    { url = "https://files.pythonhosted.org/packages/51/2d/f2c928218ac52f26d7a2c188c171d1b7e728b23782cb3347e7b4fce1493a/greenlet-3.5.5-cp311-cp311-manylinux_2_24_x86_64.manylinux_2_28_x86_64.whl", hash = "sha256:74cc6df89ec5302337adc9cf096221cbed2510fd444b0e0f1586cf0470740864", size = 624562, upload-time = "2026-08-10T13:40:48.064Z" },
    { url = "https://files.pythonhosted.org/packages/70/12/f7df98e72a8eb4a7edfec5a08d6d1a4ab53a52c95ba0b2ea6c10b8dd9bd0/greenlet-3.5.5-cp311-cp311-manylinux_2_39_riscv64.whl", hash = "sha256:3134291427bb0f3526e9d90311988caf336eb43730e95244997a4fb15f45144f", size = 428145, upload-time = "2026-08-10T14:30:01.071Z" },
    { url = "https://files.pythonhosted.org/packages/3e/4a/92fc51d5d35912f4f06eec037ba347985defd0be47463a010a325634d9d2/greenlet-3.5.5-cp311-cp311-musllinux_1_2_aarch64.whl", hash = "sha256:6d9b454c5fc48aeaa7c4337813dbf513a6870468e426438a04d922c6d0fe63db", size = 1584909, upload-time = "2026-08-10T14:15:04.343Z" },
    { url = "https://files.pythonhosted.org/packages/ac/58/ed98b80ac5738c149a5258544843c45601ade1fd70f61740cdaead6351b3/greenlet-3.5.5-cp311-cp311-musllinux_1_2_x86_64.whl", hash = "sha256:03551ed792cb1b4fc0277a0c60dfd8c343894a0ba06fe60dcd22f568b433da39", size = 1651184, upload-time = "2026-08-10T13:40:28.879Z" },
    { url = "https://files.pythonhosted.org/packages/d8/be/b582ceb80cefdf9d8da34078714e4b12b3d16f509dee0f65e40a5cc8fc7d/greenlet-3.5.5-cp311-cp311-win_amd64.whl", hash = "sha256:ab3df3dffb58bf70564e93a5cec7941e4d9faa5a36cc4234a10d3131afe04f53", size = 323280, upload-time = "2026-08-10T13:26:07.495Z" },
    { url = "https://files.pythonhosted.org/packages/4d/18/5313c4c58598c38b0373c013e4ff2b3e6d258aaaa338f373335ebecdaddd/greenlet-3.5.5-cp311-cp311-win_arm64.whl", hash = "sha256:2b70a766135540c472ac1393d57c2e1b4a2eb85bf526a1e41e6d096173a8cee5", size = 307785, upload-time = "2026-08-10T13:28:34.874Z" },
]

[[package]]
name = "patchright"
version = "1.62.1"
source = { registry = "https://pypi.org/simple" }
dependencies = [
    { name = "greenlet" },
    { name = "pyee" },
]
wheels = [
    { url = "https://files.pythonhosted.org/packages/29/8b/459c7bdafd2e9e6e87db9f2fad69c98ec46a26e5ecc5f7e86ea597478fde/patchright-1.62.1-py3-none-macosx_10_13_x86_64.whl", hash = "sha256:b57fe7074bcd501f269bc80c57980b6895a26d3a765a1852df682f68d6ff4068", size = 43724271, upload-time = "2026-08-17T19:09:29.217Z" },
    { url = "https://files.pythonhosted.org/packages/50/38/57c1bb35858238295c6c78cd7460ea16dd9f9215e57860a1cc37980cca5d/patchright-1.62.1-py3-none-macosx_11_0_arm64.whl", hash = "sha256:c826cadbca1298cdcf6641a51c5e9d74fe5a11139f3569a2bed37471ac36cbbf", size = 42503020, upload-time = "2026-08-17T19:09:33.453Z" },
    { url = "https://files.pythonhosted.org/packages/b6/e4/82cd1d55045ca56d105dcfa6a44aed84974d84978396cb4c5f2b9cd5ff6c/patchright-1.62.1-py3-none-macosx_11_0_universal2.whl", hash = "sha256:699b5c7d8c671ca6d807817fc3debdecfe518dab504e595dc203e65723a0899f", size = 43724271, upload-time = "2026-08-17T19:09:37.439Z" },
    { url = "https://files.pythonhosted.org/packages/f9/94/7b367bd063fe665461758402b7bb1560ce686d116536ca0e5d8445e9bea4/patchright-1.62.1-py3-none-manylinux1_x86_64.whl", hash = "sha256:ae908d0a69885f344bc36404a02bbfd772fc64c281f9bb77957dbc51be395592", size = 47741107, upload-time = "2026-08-17T19:09:41.769Z" },
    { url = "https://files.pythonhosted.org/packages/9d/b9/d27d47400b9b77bf8600fd71f68049d4f1f838e297595f1af0111d22f9e0/patchright-1.62.1-py3-none-manylinux_2_17_aarch64.manylinux2014_aarch64.whl", hash = "sha256:8f1e63d5099f586ddd4b6af56d624c72b0b561c6cf85e8a473d8d7bb962b0f54", size = 47433602, upload-time = "2026-08-17T19:09:46.089Z" },
    { url = "https://files.pythonhosted.org/packages/70/7b/196310c6b82ca0047a86da4733c127b8f20611e63a057be521dc29ab9ab5/patchright-1.62.1-py3-none-win32.whl", hash = "sha256:85fa54f292412f0e184fd38d991224cc7209d826a310b74ac947966db9a2dc4e", size = 38156638, upload-time = "2026-08-17T19:09:49.927Z" },
    { url = "https://files.pythonhosted.org/packages/84/d8/53680cf0313fc3d0c4fb028c39c9c752241eea03c7d3ada0837b144a7ada/patchright-1.62.1-py3-none-win_amd64.whl", hash = "sha256:ad8a13859e775f6204b786785f8ccc1de60ea078c45485834025c827761dba2e", size = 38156646, upload-time = "2026-08-17T19:09:53.7Z" },
    { url = "https://files.pythonhosted.org/packages/e9/55/64867b8a201dfb314ccfa5d94667ee851dc6eaaf87b44b1e47eababda313/patchright-1.62.1-py3-none-win_arm64.whl", hash = "sha256:60e1e4cb56905a84597c83fe458bed3406092c3fa170138170ed175b8ce5fae2", size = 34201057, upload-time = "2026-08-17T19:09:57.403Z" },
]

[[package]]
name = "pfm-harvest-browser"
version = "0.1.0"
source = { virtual = "." }
dependencies = [
    { name = "patchright" },
]

[package.metadata]
requires-dist = [{ name = "patchright", specifier = "==1.62.1" }]

[[package]]
name = "pyee"
version = "13.0.1"
source = { registry = "https://pypi.org/simple" }
dependencies = [
    { name = "typing-extensions" },
]
sdist = { url = "https://files.pythonhosted.org/packages/8b/04/e7c1fe4dc78a6fdbfd6c337b1c3732ff543b8a397683ab38378447baa331/pyee-13.0.1.tar.gz", hash = "sha256:0b931f7c14535667ed4c7e0d531716368715e860b988770fc7eb8578d1f67fc8", size = 31655, upload-time = "2026-02-14T21:12:28.044Z" }
wheels = [
    { url = "https://files.pythonhosted.org/packages/a0/c4/b4d4827c93ef43c01f599ef31453ccc1c132b353284fc6c87d535c233129/pyee-13.0.1-py3-none-any.whl", hash = "sha256:af2f8fede4171ef667dfded53f96e2ed0d6e6bd7ee3bb46437f77e3b57689228", size = 15659, upload-time = "2026-02-14T21:12:26.263Z" },
]

[[package]]
name = "typing-extensions"
version = "4.16.0"
source = { registry = "https://pypi.org/simple" }
sdist = { url = "https://files.pythonhosted.org/packages/f6/cc/6253133b5bb138fc3306cebfbda2c520f545d36b5be2c7255cc528bb45d6/typing_extensions-4.16.0.tar.gz", hash = "sha256:dc983d19a509c94dba722ee6abd33940f7c05a89e243c47e907eb4db6f1a43e5", size = 113555, upload-time = "2026-07-02T08:40:05.92Z" }
wheels = [
    { url = "https://files.pythonhosted.org/packages/49/d3/b8441a820a491ddfc024b0b0cf0393375b75ea13866d9c66727e54c2fc80/typing_extensions-4.16.0-py3-none-any.whl", hash = "sha256:481caa481374e813c1b176ada14e97f1f67a4539ce9cfeb3f350d78d6370c2e8", size = 45571, upload-time = "2026-07-02T08:40:04.659Z" },
]
